// !$*UTF8*$!
{
	archiveVersion = 1;
	classes = {
	};
	objectVersion = 46;
	objects = {

/* Begin PBXBuildFile section */
		0CA9FE122108A4E2007F3394 /* AppDelegate.swift in Sources */ = {isa = PBXBuildFile; fileRef = 0CA9FE112108A4E2007F3394 /* AppDelegate.swift */; };
		0CA9FE142108A4E2007F3394 /* ViewController.swift in Sources */ = {isa = PBXBuildFile; fileRef = 0CA9FE132108A4E2007F3394 /* ViewController.swift */; };
		0CA9FE172108A4E2007F3394 /* Main.storyboard in Resources */ = {isa = PBXBuildFile; fileRef = 0CA9FE152108A4E2007F3394 /* Main.storyboard */; };
		0CA9FE192108A4E2007F3394 /* Assets.xcassets in Resources */ = {isa = PBXBuildFile; fileRef = 0CA9FE182108A4E2007F3394 /* Assets.xcassets */; };
		0CA9FE1C2108A4E2007F3394 /* LaunchScreen.storyboard in Resources */ = {isa = PBXBuildFile; fileRef = 0CA9FE1A2108A4E2007F3394 /* LaunchScreen.storyboard */; };
		0CA9FE242108AC66007F3394 /* NewItemViewController.swift in Sources */ = {isa = PBXBuildFile; fileRef = 0CA9FE232108AC66007F3394 /* NewItemViewController.swift */; };
		0CA9FE262108B1A2007F3394 /* ItemViewController.swift in Sources */ = {isa = PBXBuildFile; fileRef = 0CA9FE252108B1A2007F3394 /* ItemViewController.swift */; };
/* End PBXBuildFile section */

/* Begin PBXFileReference section */
		0CA9FE0E2108A4E2007F3394 /* Shopping.app */ = {isa = PBXFileReference; explicitFileType = wrapper.application; includeInIndex = 0; path = Shopping.app; sourceTree = BUILT_PRODUCTS_DIR; };
		0CA9FE112108A4E2007F3394 /* AppDelegate.swift */ = {isa = PBXFileReference; lastKnownFileType = sourcecode.swift; path = AppDelegate.swift; sourceTree = "<group>"; };
		0CA9FE132108A4E2007F3394 /* ViewController.swift */ = {isa = PBXFileReference; lastKnownFileType = sourcecode.swift; path = ViewController.swift; sourceTree = "<group>"; };
		0CA9FE162108A4E2007F3394 /* Base */ = {isa = PBXFileReference; lastKnownFileType = file.storyboard; name = Base; path = Base.lproj/Main.storyboard; sourceTree = "<group>"; };
		0CA9FE182108A4E2007F3394 /* Assets.xcassets */ = {isa = PBXFileReference; lastKnownFileType = folder.assetcatalog; path = Assets.xcassets; sourceTree = "<group>"; };
		0CA9FE1B2108A4E2007F3394 /* Base */ = {isa = PBXFileReference; lastKnownFileType = file.storyboard; name = Base; path = Base.lproj/LaunchScreen.storyboard; sourceTree = "<group>"; };
		0CA9FE1D2108A4E2007F3394 /* Info.plist */ = {isa = PBXFileReference; lastKnownFileType = text.plist.xml; path = Info.plist; sourceTree = "<group>"; };
		0CA9FE232108AC66007F3394 /* NewItemViewController.swift */ = {isa = PBXFileReference; fileEncoding = 4; lastKnownFileType = sourcecode.swift; path = NewItemViewController.swift; sourceTree = "<group>"; };
		0CA9FE252108B1A2007F3394 /* ItemViewController.swift */ = {isa = PBXFileReference; fileEncoding = 4; lastKnownFileType = sourcecode.swift; path = ItemViewController.swift; sourceTree = "<group>"; };
/* End PBXFileReference section */

/* Begin PBXFrameworksBuildPhase section */
		0CA9FE0B2108A4E2007F3394 /* Frameworks */ = {
			isa = PBXFrameworksBuildPhase;
			buildActionMask = 2147483647;
			files = (
			);
			runOnlyForDeploymentPostprocessing = 0;
		};
/* End PBXFrameworksBuildPhase section */

/* Begin PBXGroup section */
		0CA9FE052108A4E2007F3394 = {
			isa = PBXGroup;
			children = (
				0CA9FE102108A4E2007F3394 /* Shopping */,
				0CA9FE0F2108A4E2007F3394 /* Products */,
			);
			sourceTree = "<group>";
		};
		0CA9FE0F2108A4E2007F3394 /* Products */ = {
			isa = PBXGroup;
			children = (
				0CA9FE0E2108A4E2007F3394 /* Shopping.app */,
			);
			name = Products;
			sourceTree = "<group>";
		};
		0CA9FE102108A4E2007F3394 /* Shopping */ = {
			isa = PBXGroup;
			children = (
				0CA9FE112108A4E2007F3394 /* AppDelegate.swift */,
				0CA9FE132108A4E2007F3394 /* ViewController.swift */,
				0CA9FE152108A4E2007F3394 /* Main.storyboard */,
				0CA9FE182108A4E2007F3394 /* Assets.xcassets */,
				0CA9FE1A2108A4E2007F3394 /* LaunchScreen.storyboard */,
				0CA9FE1D2108A4E2007F3394 /* Info.plist */,
				0CA9FE232108AC66007F3394 /* NewItemViewController.swift */,
				0CA9FE252108B1A2007F3394 /* ItemViewController.swift */,
			);
			path = Shopping;
			sourceTree = "<group>";
		};
/* End PBXGroup section */

/* Begin PBXNativeTarget section */
		0CA9FE0D2108A4E2007F3394 /* Shopping */ = {
			isa = PBXNativeTarget;
			buildConfigurationList = 0CA9FE202108A4E2007F3394 /* Build configuration list for PBXNativeTarget "Shopping" */;
			buildPhases = (
				0CA9FE0A2108A4E2007F3394 /* Sources */,
				0CA9FE0B2108A4E2007F3394 /* Frameworks */,
				0CA9FE0C2108A4E2007F3394 /* Resources */,
			);
			buildRules = (
			);
			dependencies = (
			);
			name = Shopping;
			productName = Shopping;
			productReference = 0CA9FE0E2108A4E2007F3394 /* Shopping.app */;
			productType = "com.apple.product-type.application";
		};
/* End PBXNativeTarget section */

/* Begin PBXProject section */
		0CA9FE062108A4E2007F3394 /* Project object */ = {
			isa = PBXProject;
			attributes = {
				LastSwiftUpdateCheck = 0830;
				LastUpgradeCheck = 0830;
				ORGANIZATIONNAME = cn.py;
				TargetAttributes = {
					0CA9FE0D2108A4E2007F3394 = {
						CreatedOnToolsVersion = 8.3.3;
						ProvisioningStyle = Automatic;
					};
				};
			};
			buildConfigurationList = 0CA9FE092108A4E2007F3394 /* Build configuration list for PBXProject "Shopping" */;
			compatibilityVersion = "Xcode 3.2";
			developmentRegion = English;
			hasScannedForEncodings = 0;
			knownRegions = (
				en,
				Base,
			);
			mainGroup = 0CA9FE052108A4E2007F3394;
			productRefGroup = 0CA9FE0F2108A4E2007F3394 /* Products */;
			projectDirPath = "";
			projectRoot = "";
			targets = (
				0CA9FE0D2108A4E2007F3394 /* Shopping */,
			);
		};
/* End PBXProject section */

/* Begin PBXResourcesBuildPhase section */
		0CA9FE0C2108A4E2007F3394 /* Resources */ = {
			isa = PBXResourcesBuildPhase;
			buildActionMask = 2147483647;
			files = (
				0CA9FE1C2108A4E2007F3394 /* LaunchScreen.storyboard in Resources */,
				0CA9FE192108A4E2007F3394 /* Assets.xcassets in Resources */,
				0CA9FE172108A4E2007F3394 /* Main.storyboard in Resources */,
			);
			runOnlyForDeploymentPostprocessing = 0;
		};
/* End PBXResourcesBuildPhase section */

/* Begin PBXSourcesBuildPhase section */
		0CA9FE0A2108A4E2007F3394 /* Sources */ = {
			isa = PBXSourcesBuildPhase;
			buildActionMask = 2147483647;
			files = (
				0CA9FE142108A4E2007F3394 /* ViewController.swift in Sources */,
				0CA9FE262108B1A2007F3394 /* ItemViewController.swift in Sources */,
				0CA9FE122108A4E2007F3394 /* AppDelegate.swift in Sources */,
				0CA9FE242108AC66007F3394 /* NewItemViewController.swift in Sources */,
			);
			runOnlyForDeploymentPostprocessing = 0;
		};
/* End PBXSourcesBuildPhase section */

/* Begin PBXVariantGroup section */
		0CA9FE152108A4E2007F3394 /* Main.storyboard */ = {
			isa = PBXVariantGroup;
			children = (
				0CA9FE162108A4E2007F3394 /* Base */,
			);
			name = Main.storyboard;
			sourceTree = "<group>";
		};
		0CA9FE1A2108A4E2007F3394 /* LaunchScreen.storyboard */ = {
			isa = PBXVariantGroup;
			children = (
				0CA9FE1B2108A4E2007F3394 /* Base */,
			);
			name = LaunchScreen.storyboard;
			sourceTree = "<group>";
		};
/* End PBXVariantGroup section */

/* Begin XCBuildConfiguration section */
		0CA9FE1E2108A4E2007F3394 /* Debug */ = {
			isa = XCBuildConfiguration;
			buildSettings = {
				ALWAYS_SEARCH_USER_PATHS = NO;
				CLANG_ANALYZER_NONNULL = YES;
				CLANG_ANALYZER_NUMBER_OBJECT_CONVERSION = YES_AGGRESSIVE;
				CLANG_CXX_LANGUAGE_STANDARD = "gnu++0x";
				CLANG_CXX_LIBRARY = "libc++";
				CLANG_ENABLE_MODULES = YES;
				CLANG_ENABLE_OBJC_ARC = YES;
				CLANG_WARN_BOOL_CONVERSION = YES;
				CLANG_WARN_CONSTANT_CONVERSION = YES;
				CLANG_WARN_DIRECT_OBJC_ISA_USAGE = YES_ERROR;
				CLANG_WARN_DOCUMENTATION_COMMENTS = YES;
				CLANG_WARN_EMPTY_BODY = YES;
				CLANG_WARN_ENUM_CONVERSION = YES;
				CLANG_WARN_INFINITE_RECURSION = YES;
				CLANG_WARN_INT_CONVERSION = YES;
				CLANG_WARN_OBJC_ROOT_CLASS = YES_ERROR;
				CLANG_WARN_SUSPICIOUS_MOVE = YES;
				CLANG_WARN_UNREACHABLE_CODE = YES;
				CLANG_WARN__DUPLICATE_METHOD_MATCH = YES;
				"CODE_SIGN_IDENTITY[sdk=iphoneos*]" = "iPhone Developer";
				COPY_PHASE_STRIP = NO;
				DEBUG_INFORMATION_FORMAT = dwarf;
				ENABLE_STRICT_OBJC_MSGSEND = YES;
				ENABLE_TESTABILITY = YES;
				GCC_C_LANGUAGE_STANDARD = gnu99;
				GCC_DYNAMIC_NO_PIC = NO;
				GCC_NO_COMMON_BLOCKS = YES;
				GCC_OPTIMIZATION_LEVEL = 0;
				GCC_PREPROCESSOR_DEFINITIONS = (
					"DEBUG=1",
					"$(inherited)",
				);
				GCC_WARN_64_TO_32_BIT_CONVERSION = YES;
				GCC_WARN_ABOUT_RETURN_TYPE = YES_ERROR;
				GCC_WARN_UNDECLARED_SELECTOR = YES;
				GCC_WARN_UNINITIALIZED_AUTOS = YES_AGGRESSIVE;
				GCC_WARN_UNUSED_FUNCTION = YES;
				GCC_WARN_UNUSED_VARIABLE = YES;
				IPHONEOS_DEPLOYMENT_TARGET = 10.3;
				MTL_ENABLE_DEBUG_INFO = YES;
				ONLY_ACTIVE_ARCH = YES;
				SDKROOT = iphoneos;
				SWIFT_ACTIVE_COMPILATION_CONDITIONS = DEBUG;
				SWIFT_OPTIMIZATION_LEVEL = "-Onone";
			};
			name = Debug;
		};
		0CA9FE1F2108A4E2007F3394 /* Release */ = {
			isa = XCBuildConfiguration;
			buildSettings = {
				ALWAYS_SEARCH_USER_PATHS = NO;
				CLANG_ANALYZER_NONNULL = YES;
				CLANG_ANALYZER_NUMBER_OBJECT_CONVERSION = YES_AGGRESSIVE;
				CLANG_CXX_LANGUAGE_STANDARD = "gnu++0x";
				CLANG_CXX_LIBRARY = "libc++";
				CLANG_ENABLE_MODULES = YES;
				CLANG_ENABLE_OBJC_ARC = YES;
				CLANG_WARN_BOOL_CONVERSION = YES;
				CLANG_WARN_CONSTANT_CONVERSION = YES;
				CLANG_WARN_DIRECT_OBJC_ISA_USAGE = YES_ERROR;
				CLANG_WARN_DOCUMENTATION_COMMENTS = YES;
				CLANG_WARN_EMPTY_BODY = YES;
				CLANG_WARN_ENUM_CONVERSION = YES;
				CLANG_WARN_INFINITE_RECURSION = YES;
				CLANG_WARN_INT_CONVERSION = YES;
				CLANG_WARN_OBJC_ROOT_CLASS = YES_ERROR;
				CLANG_WARN_SUSPICIOUS_MOVE = YES;
				CLANG_WARN_UNREACHABLE_CODE = YES;
				CLANG_WARN__DUPLICATE_METHOD_MATCH = YES;
				"CODE_SIGN_IDENTITY[sdk=iphoneos*]" = "iPhone Developer";
				COPY_PHASE_STRIP = NO;
				DEBUG_INFORMATION_FORMAT = "dwarf-with-dsym";
				ENABLE_NS_ASSERTIONS = NO;
				ENABLE_STRICT_OBJC_MSGSEND = YES;
				GCC_C_LANGUAGE_STANDARD = gnu99;
				GCC_NO_COMMON_BLOCKS = YES;
				GCC_WARN_64_TO_32_BIT_CONVERSION = YES;
				GCC_WARN_ABOUT_RETURN_TYPE = YES_ERROR;
				GCC_WARN_UNDECLARED_SELECTOR = YES;
				GCC_WARN_UNINITIALIZED_AUTOS = YES_AGGRESSIVE;
				GCC_WARN_UNUSED_FUNCTION = YES;
				GCC_WARN_UNUSED_VARIABLE = YES;
				IPHONEOS_DEPLOYMENT_TARGET = 10.3;
				MTL_ENABLE_DEBUG_INFO = NO;
				SDKROOT = iphoneos;
				SWIFT_OPTIMIZATION_LEVEL = "-Owholemodule";
				VALIDATE_PRODUCT = YES;
			};
			name = Release;
		};
		0CA9FE212108A4E2007F3394 /* Debug */ = {
			isa = XCBuildConfiguration;
			buildSettings = {
				ASSETCATALOG_COMPILER_APPICON_NAME = AppIcon;
				INFOPLIST_FILE = Shopping/Info.plist;
				LD_RUNPATH_SEARCH_PATHS = "$(inherited) @executable_path/Frameworks";
				PRODUCT_BUNDLE_IDENTIFIER = py.Shopping;
				PRODUCT_NAME = "$(TARGET_NAME)";
				SWIFT_VERSION = 3.0;
			};
			name = Debug;
		};
		0CA9FE222108A4E2007F3394 /* Release */ = {
			isa = XCBuildConfiguration;
			buildSettings = {
				ASSETCATALOG_COMPILER_APPICON_NAME = AppIcon;
				INFOPLIST_FILE = Shopping/Info.plist;
				LD_RUNPATH_SEARCH_PATHS = "$(inherited) @executable_path/Frameworks";
				PRODUCT_BUNDLE_IDENTIFIER = py.Shopping;
				PRODUCT_NAME = "$(TARGET_NAME)";
				SWIFT_VERSION = 3.0;
			};
			name = Release;
		};
/* End XCBuildConfiguration section */

/* Begin XCConfigurationList section */
		0CA9FE092108A4E2007F3394 /* Build configuration list for PBXProject "Shopping" */ = {
			isa = XCConfigurationList;
			buildConfigurations = (
				0CA9FE1E2108A4E2007F3394 /* Debug */,
				0CA9FE1F2108A4E2007F3394 /* Release */,
			);
			defaultConfigurationIsVisible = 0;
			defaultConfigurationName = Release;
		};
		0CA9FE202108A4E2007F3394 /* Build configuration list for PBXNativeTarget "Shopping" */ = {
			isa = XCConfigurationList;
			buildConfigurations = (
				0CA9FE212108A4E2007F3394 /* Debug */,
				0CA9FE222108A4E2007F3394 /* Release */,
			);
			defaultConfigurationIsVisible = 0;
		};
/* End XCConfigurationList section */
	};
	rootObject = 0CA9FE062108A4E2007F3394 /* Project object */;
}
